Microsoft Visual Studio Solution File, Format Version 11.00
# Visual Studio 2008

Project("{D3DADE05-AA99-BAA2-312E-BC19C5C99CFC}") = "Lightless space", "Assembly-CSharp.csproj", "{F54401C8-CA2E-F5FB-F2D4-D4A33264FCBA}"
EndProject
Global
	GlobalSection(SolutionConfigurationPlatforms) = preSolution
		Debug|Any CPU = Debug|Any CPU
		Release|Any CPU = Release|Any CPU
	EndGlobalSection
	GlobalSection(ProjectConfigurationPlatforms) = postSolution
		{F54401C8-CA2E-F5FB-F2D4-D4A33264FCBA}.Debug|Any CPU.ActiveCfg = Debug|Any CPU
		{F54401C8-CA2E-F5FB-F2D4-D4A33264FCBA}.Debug|Any CPU.Build.0 = Debug|Any CPU
		{F54401C8-CA2E-F5FB-F2D4-D4A33264FCBA}.Release|Any CPU.ActiveCfg = Release|Any CPU
		{F54401C8-CA2E-F5FB-F2D4-D4A33264FCBA}.Release|Any CPU.Build.0 = Release|Any CPU
	EndGlobalSection
	GlobalSection(SolutionProperties) = preSolution
		HideSolutionNode = FALSE
	EndGlobalSection
	GlobalSection(MonoDevelopProperties) = preSolution
		StartupItem = Assembly-CSharp.csproj
	EndGlobalSection
EndGlobal
